
Microsoft Visual Studio Solution File, Format Version 12.00
# Visual Studio Version 17
VisualStudioVersion = 17.5.33530.505
MinimumVisualStudioVersion = 10.0.40219.1
Project("{FAE04EC0-301F-11D3-BF4B-00C04F79EFBC}") = "Proba _2", "Proba _2.csproj", "{5737FC85-757F-411B-A053-9FA08DC559EE}"
EndProject
Global
	GlobalSection(SolutionConfigurationPlatforms) = preSolution
		Debug|Any CPU = Debug|Any CPU
		Release|Any CPU = Release|Any CPU
	EndGlobalSection
	GlobalSection(ProjectConfigurationPlatforms) = postSolution
		{5737FC85-757F-411B-A053-9FA08DC559EE}.Debug|Any CPU.ActiveCfg = Debug|Any CPU
		{5737FC85-757F-411B-A053-9FA08DC559EE}.Debug|Any CPU.Build.0 = Debug|Any CPU
		{5737FC85-757F-411B-A053-9FA08DC559EE}.Release|Any CPU.ActiveCfg = Release|Any CPU
		{5737FC85-757F-411B-A053-9FA08DC559EE}.Release|Any CPU.Build.0 = Release|Any CPU
	EndGlobalSection
	GlobalSection(SolutionProperties) = preSolution
		HideSolutionNode = FALSE
	EndGlobalSection
	GlobalSection(ExtensibilityGlobals) = postSolution
		SolutionGuid = {9075CBF6-ECA0-4F2B-9F80-6ED916BADF04}
	EndGlobalSection
EndGlobal
